
Microsoft Visual Studio Solution File, Format Version 12.00
# Visual Studio Version 17
VisualStudioVersion = 17.13.35806.99 d17.13
MinimumVisualStudioVersion = 10.0.40219.1
Project("{FAE04EC0-301F-11D3-BF4B-00C04F79EFBC}") = "PoiskRusskogoWinXP", "PoiskRusskogoWinXP.csproj", "{5D22F773-8E51-448F-A59A-404162EC6554}"
EndProject
Global
	GlobalSection(SolutionConfigurationPlatforms) = preSolution
		Debug|Any CPU = Debug|Any CPU
		Release|Any CPU = Release|Any CPU
	EndGlobalSection
	GlobalSection(ProjectConfigurationPlatforms) = postSolution
		{5D22F773-8E51-448F-A59A-404162EC6554}.Debug|Any CPU.ActiveCfg = Debug|Any CPU
		{5D22F773-8E51-448F-A59A-404162EC6554}.Debug|Any CPU.Build.0 = Debug|Any CPU
		{5D22F773-8E51-448F-A59A-404162EC6554}.Release|Any CPU.ActiveCfg = Release|Any CPU
		{5D22F773-8E51-448F-A59A-404162EC6554}.Release|Any CPU.Build.0 = Release|Any CPU
	EndGlobalSection
	GlobalSection(SolutionProperties) = preSolution
		HideSolutionNode = FALSE
	EndGlobalSection
	GlobalSection(ExtensibilityGlobals) = postSolution
		SolutionGuid = {7957EEE6-095D-48B1-A194-32AC15DB9E39}
	EndGlobalSection
EndGlobal
